// !$*UTF8*$!
{
	archiveVersion = 1;
	classes = {
	};
	objectVersion = 55;
	objects = {

/* Begin PBXBuildFile section */
		B597A97527AC778C00CC2D1C /* Home_ControlApp.swift in Sources */ = {isa = PBXBuildFile; fileRef = B597A97427AC778C00CC2D1C /* Home_ControlApp.swift */; };
		B597A97727AC778C00CC2D1C /* ContentView.swift in Sources */ = {isa = PBXBuildFile; fileRef = B597A97627AC778C00CC2D1C /* ContentView.swift */; };
		B597A97927AC778F00CC2D1C /* Assets.xcassets in Resources */ = {isa = PBXBuildFile; fileRef = B597A97827AC778F00CC2D1C /* Assets.xcassets */; };
		B597A97C27AC778F00CC2D1C /* Preview Assets.xcassets in Resources */ = {isa = PBXBuildFile; fileRef = B597A97B27AC778F00CC2D1C /* Preview Assets.xcassets */; };
		B597A98627AC778F00CC2D1C /* Home_ControlTests.swift in Sources */ = {isa = PBXBuildFile; fileRef = B597A98527AC778F00CC2D1C /* Home_ControlTests.swift */; };
		B597A99027AC778F00CC2D1C /* Home_ControlUITests.swift in Sources */ = {isa = PBXBuildFile; fileRef = B597A98F27AC778F00CC2D1C /* Home_ControlUITests.swift */; };
		B597A99227AC778F00CC2D1C /* Home_ControlUITestsLaunchTests.swift in Sources */ = {isa = PBXBuildFile; fileRef = B597A99127AC778F00CC2D1C /* Home_ControlUITestsLaunchTests.swift */; };
		B597A9A027AC789300CC2D1C /* ReminderViewModel.swift in Sources */ = {isa = PBXBuildFile; fileRef = B597A99F27AC789300CC2D1C /* ReminderViewModel.swift */; };
		B597A9A227AC78A700CC2D1C /* ReminderView.swift in Sources */ = {isa = PBXBuildFile; fileRef = B597A9A127AC78A700CC2D1C /* ReminderView.swift */; };
/* End PBXBuildFile section */

/* Begin PBXContainerItemProxy section */
		B597A98227AC778F00CC2D1C /* PBXContainerItemProxy */ = {
			isa = PBXContainerItemProxy;
			containerPortal = B597A96927AC778C00CC2D1C /* Project object */;
			proxyType = 1;
			remoteGlobalIDString = B597A97027AC778C00CC2D1C;
			remoteInfo = "Home Control";
		};
		B597A98C27AC778F00CC2D1C /* PBXContainerItemProxy */ = {
			isa = PBXContainerItemProxy;
			containerPortal = B597A96927AC778C00CC2D1C /* Project object */;
			proxyType = 1;
			remoteGlobalIDString = B597A97027AC778C00CC2D1C;
			remoteInfo = "Home Control";
		};
/* End PBXContainerItemProxy section */

/* Begin PBXFileReference section */
		B597A97127AC778C00CC2D1C /* Home Control.app */ = {isa = PBXFileReference; explicitFileType = wrapper.application; includeInIndex = 0; path = "Home Control.app"; sourceTree = BUILT_PRODUCTS_DIR; };
		B597A97427AC778C00CC2D1C /* Home_ControlApp.swift */ = {isa = PBXFileReference; lastKnownFileType = sourcecode.swift; path = Home_ControlApp.swift; sourceTree = "<group>"; };
		B597A97627AC778C00CC2D1C /* ContentView.swift */ = {isa = PBXFileReference; lastKnownFileType = sourcecode.swift; path = ContentView.swift; sourceTree = "<group>"; };
		B597A97827AC778F00CC2D1C /* Assets.xcassets */ = {isa = PBXFileReference; lastKnownFileType = folder.assetcatalog; path = Assets.xcassets; sourceTree = "<group>"; };
		B597A97B27AC778F00CC2D1C /* Preview Assets.xcassets */ = {isa = PBXFileReference; lastKnownFileType = folder.assetcatalog; path = "Preview Assets.xcassets"; sourceTree = "<group>"; };
		B597A98127AC778F00CC2D1C /* Home ControlTests.xctest */ = {isa = PBXFileReference; explicitFileType = wrapper.cfbundle; includeInIndex = 0; path = "Home ControlTests.xctest"; sourceTree = BUILT_PRODUCTS_DIR; };
		B597A98527AC778F00CC2D1C /* Home_ControlTests.swift */ = {isa = PBXFileReference; lastKnownFileType = sourcecode.swift; path = Home_ControlTests.swift; sourceTree = "<group>"; };
		B597A98B27AC778F00CC2D1C /* Home ControlUITests.xctest */ = {isa = PBXFileReference; explicitFileType = wrapper.cfbundle; includeInIndex = 0; path = "Home ControlUITests.xctest"; sourceTree = BUILT_PRODUCTS_DIR; };
		B597A98F27AC778F00CC2D1C /* Home_ControlUITests.swift */ = {isa = PBXFileReference; lastKnownFileType = sourcecode.swift; path = Home_ControlUITests.swift; sourceTree = "<group>"; };
		B597A99127AC778F00CC2D1C /* Home_ControlUITestsLaunchTests.swift */ = {isa = PBXFileReference; lastKnownFileType = sourcecode.swift; path = Home_ControlUITestsLaunchTests.swift; sourceTree = "<group>"; };
		B597A99F27AC789300CC2D1C /* ReminderViewModel.swift */ = {isa = PBXFileReference; lastKnownFileType = sourcecode.swift; path = ReminderViewModel.swift; sourceTree = "<group>"; };
		B597A9A127AC78A700CC2D1C /* ReminderView.swift */ = {isa = PBXFileReference; lastKnownFileType = sourcecode.swift; path = ReminderView.swift; sourceTree = "<group>"; };
/* End PBXFileReference section */

/* Begin PBXFrameworksBuildPhase section */
		B597A96E27AC778C00CC2D1C /* Frameworks */ = {
			isa = PBXFrameworksBuildPhase;
			buildActionMask = 2147483647;
			files = (
			);
			runOnlyForDeploymentPostprocessing = 0;
		};
		B597A97E27AC778F00CC2D1C /* Frameworks */ = {
			isa = PBXFrameworksBuildPhase;
			buildActionMask = 2147483647;
			files = (
			);
			runOnlyForDeploymentPostprocessing = 0;
		};
		B597A98827AC778F00CC2D1C /* Frameworks */ = {
			isa = PBXFrameworksBuildPhase;
			buildActionMask = 2147483647;
			files = (
			);
			runOnlyForDeploymentPostprocessing = 0;
		};
/* End PBXFrameworksBuildPhase section */

/* Begin PBXGroup section */
		B597A96827AC778C00CC2D1C = {
			isa = PBXGroup;
			children = (
				B597A97327AC778C00CC2D1C /* Home Control */,
				B597A98427AC778F00CC2D1C /* Home ControlTests */,
				B597A98E27AC778F00CC2D1C /* Home ControlUITests */,
				B597A97227AC778C00CC2D1C /* Products */,
			);
			sourceTree = "<group>";
		};
		B597A97227AC778C00CC2D1C /* Products */ = {
			isa = PBXGroup;
			children = (
				B597A97127AC778C00CC2D1C /* Home Control.app */,
				B597A98127AC778F00CC2D1C /* Home ControlTests.xctest */,
				B597A98B27AC778F00CC2D1C /* Home ControlUITests.xctest */,
			);
			name = Products;
			sourceTree = "<group>";
		};
		B597A97327AC778C00CC2D1C /* Home Control */ = {
			isa = PBXGroup;
			children = (
				B597A99E27AC781F00CC2D1C /* Reminders */,
				B597A97427AC778C00CC2D1C /* Home_ControlApp.swift */,
				B597A97627AC778C00CC2D1C /* ContentView.swift */,
				B597A97827AC778F00CC2D1C /* Assets.xcassets */,
				B597A97A27AC778F00CC2D1C /* Preview Content */,
			);
			path = "Home Control";
			sourceTree = "<group>";
		};
		B597A97A27AC778F00CC2D1C /* Preview Content */ = {
			isa = PBXGroup;
			children = (
				B597A97B27AC778F00CC2D1C /* Preview Assets.xcassets */,
			);
			path = "Preview Content";
			sourceTree = "<group>";
		};
		B597A98427AC778F00CC2D1C /* Home ControlTests */ = {
			isa = PBXGroup;
			children = (
				B597A98527AC778F00CC2D1C /* Home_ControlTests.swift */,
			);
			path = "Home ControlTests";
			sourceTree = "<group>";
		};
		B597A98E27AC778F00CC2D1C /* Home ControlUITests */ = {
			isa = PBXGroup;
			children = (
				B597A98F27AC778F00CC2D1C /* Home_ControlUITests.swift */,
				B597A99127AC778F00CC2D1C /* Home_ControlUITestsLaunchTests.swift */,
			);
			path = "Home ControlUITests";
			sourceTree = "<group>";
		};
		B597A99E27AC781F00CC2D1C /* Reminders */ = {
			isa = PBXGroup;
			children = (
				B597A99F27AC789300CC2D1C /* ReminderViewModel.swift */,
				B597A9A127AC78A700CC2D1C /* ReminderView.swift */,
			);
			path = Reminders;
			sourceTree = "<group>";
		};
/* End PBXGroup section */

/* Begin PBXNativeTarget section */
		B597A97027AC778C00CC2D1C /* Home Control */ = {
			isa = PBXNativeTarget;
			buildConfigurationList = B597A99527AC778F00CC2D1C /* Build configuration list for PBXNativeTarget "Home Control" */;
			buildPhases = (
				B597A96D27AC778C00CC2D1C /* Sources */,
				B597A96E27AC778C00CC2D1C /* Frameworks */,
				B597A96F27AC778C00CC2D1C /* Resources */,
			);
			buildRules = (
			);
			dependencies = (
			);
			name = "Home Control";
			productName = "Home Control";
			productReference = B597A97127AC778C00CC2D1C /* Home Control.app */;
			productType = "com.apple.product-type.application";
		};
		B597A98027AC778F00CC2D1C /* Home ControlTests */ = {
			isa = PBXNativeTarget;
			buildConfigurationList = B597A99827AC778F00CC2D1C /* Build configuration list for PBXNativeTarget "Home ControlTests" */;
			buildPhases = (
				B597A97D27AC778F00CC2D1C /* Sources */,
				B597A97E27AC778F00CC2D1C /* Frameworks */,
				B597A97F27AC778F00CC2D1C /* Resources */,
			);
			buildRules = (
			);
			dependencies = (
				B597A98327AC778F00CC2D1C /* PBXTargetDependency */,
			);
			name = "Home ControlTests";
			productName = "Home ControlTests";
			productReference = B597A98127AC778F00CC2D1C /* Home ControlTests.xctest */;
			productType = "com.apple.product-type.bundle.unit-test";
		};
		B597A98A27AC778F00CC2D1C /* Home ControlUITests */ = {
			isa = PBXNativeTarget;
			buildConfigurationList = B597A99B27AC778F00CC2D1C /* Build configuration list for PBXNativeTarget "Home ControlUITests" */;
			buildPhases = (
				B597A98727AC778F00CC2D1C /* Sources */,
				B597A98827AC778F00CC2D1C /* Frameworks */,
				B597A98927AC778F00CC2D1C /* Resources */,
			);
			buildRules = (
			);
			dependencies = (
				B597A98D27AC778F00CC2D1C /* PBXTargetDependency */,
			);
			name = "Home ControlUITests";
			productName = "Home ControlUITests";
			productReference = B597A98B27AC778F00CC2D1C /* Home ControlUITests.xctest */;
			productType = "com.apple.product-type.bundle.ui-testing";
		};
/* End PBXNativeTarget section */

/* Begin PBXProject section */
		B597A96927AC778C00CC2D1C /* Project object */ = {
			isa = PBXProject;
			attributes = {
				BuildIndependentTargetsInParallel = 1;
				LastSwiftUpdateCheck = 1320;
				LastUpgradeCheck = 1320;
				TargetAttributes = {
					B597A97027AC778C00CC2D1C = {
						CreatedOnToolsVersion = 13.2.1;
					};
					B597A98027AC778F00CC2D1C = {
						CreatedOnToolsVersion = 13.2.1;
						TestTargetID = B597A97027AC778C00CC2D1C;
					};
					B597A98A27AC778F00CC2D1C = {
						CreatedOnToolsVersion = 13.2.1;
						TestTargetID = B597A97027AC778C00CC2D1C;
					};
				};
			};
			buildConfigurationList = B597A96C27AC778C00CC2D1C /* Build configuration list for PBXProject "Home Control" */;
			compatibilityVersion = "Xcode 13.0";
			developmentRegion = en;
			hasScannedForEncodings = 0;
			knownRegions = (
				en,
				Base,
			);
			mainGroup = B597A96827AC778C00CC2D1C;
			productRefGroup = B597A97227AC778C00CC2D1C /* Products */;
			projectDirPath = "";
			projectRoot = "";
			targets = (
				B597A97027AC778C00CC2D1C /* Home Control */,
				B597A98027AC778F00CC2D1C /* Home ControlTests */,
				B597A98A27AC778F00CC2D1C /* Home ControlUITests */,
			);
		};
/* End PBXProject section */

/* Begin PBXResourcesBuildPhase section */
		B597A96F27AC778C00CC2D1C /* Resources */ = {
			isa = PBXResourcesBuildPhase;
			buildActionMask = 2147483647;
			files = (
				B597A97C27AC778F00CC2D1C /* Preview Assets.xcassets in Resources */,
				B597A97927AC778F00CC2D1C /* Assets.xcassets in Resources */,
			);
			runOnlyForDeploymentPostprocessing = 0;
		};
		B597A97F27AC778F00CC2D1C /* Resources */ = {
			isa = PBXResourcesBuildPhase;
			buildActionMask = 2147483647;
			files = (
			);
			runOnlyForDeploymentPostprocessing = 0;
		};
		B597A98927AC778F00CC2D1C /* Resources */ = {
			isa = PBXResourcesBuildPhase;
			buildActionMask = 2147483647;
			files = (
			);
			runOnlyForDeploymentPostprocessing = 0;
		};
/* End PBXResourcesBuildPhase section */

/* Begin PBXSourcesBuildPhase section */
		B597A96D27AC778C00CC2D1C /* Sources */ = {
			isa = PBXSourcesBuildPhase;
			buildActionMask = 2147483647;
			files = (
				B597A9A027AC789300CC2D1C /* ReminderViewModel.swift in Sources */,
				B597A97727AC778C00CC2D1C /* ContentView.swift in Sources */,
				B597A9A227AC78A700CC2D1C /* ReminderView.swift in Sources */,
				B597A97527AC778C00CC2D1C /* Home_ControlApp.swift in Sources */,
			);
			runOnlyForDeploymentPostprocessing = 0;
		};
		B597A97D27AC778F00CC2D1C /* Sources */ = {
			isa = PBXSourcesBuildPhase;
			buildActionMask = 2147483647;
			files = (
				B597A98627AC778F00CC2D1C /* Home_ControlTests.swift in Sources */,
			);
			runOnlyForDeploymentPostprocessing = 0;
		};
		B597A98727AC778F00CC2D1C /* Sources */ = {
			isa = PBXSourcesBuildPhase;
			buildActionMask = 2147483647;
			files = (
				B597A99027AC778F00CC2D1C /* Home_ControlUITests.swift in Sources */,
				B597A99227AC778F00CC2D1C /* Home_ControlUITestsLaunchTests.swift in Sources */,
			);
			runOnlyForDeploymentPostprocessing = 0;
		};
/* End PBXSourcesBuildPhase section */

/* Begin PBXTargetDependency section */
		B597A98327AC778F00CC2D1C /* PBXTargetDependency */ = {
			isa = PBXTargetDependency;
			target = B597A97027AC778C00CC2D1C /* Home Control */;
			targetProxy = B597A98227AC778F00CC2D1C /* PBXContainerItemProxy */;
		};
		B597A98D27AC778F00CC2D1C /* PBXTargetDependency */ = {
			isa = PBXTargetDependency;
			target = B597A97027AC778C00CC2D1C /* Home Control */;
			targetProxy = B597A98C27AC778F00CC2D1C /* PBXContainerItemProxy */;
		};
/* End PBXTargetDependency section */

/* Begin XCBuildConfiguration section */
		B597A99327AC778F00CC2D1C /* Debug */ = {
			isa = XCBuildConfiguration;
			buildSettings = {
				ALWAYS_SEARCH_USER_PATHS = NO;
				CLANG_ANALYZER_NONNULL = YES;
				CLANG_ANALYZER_NUMBER_OBJECT_CONVERSION = YES_AGGRESSIVE;
				CLANG_CXX_LANGUAGE_STANDARD = "gnu++17";
				CLANG_CXX_LIBRARY = "libc++";
				CLANG_ENABLE_MODULES = YES;
				CLANG_ENABLE_OBJC_ARC = YES;
				CLANG_ENABLE_OBJC_WEAK = YES;
				CLANG_WARN_BLOCK_CAPTURE_AUTORELEASING = YES;
				CLANG_WARN_BOOL_CONVERSION = YES;
				CLANG_WARN_COMMA = YES;
				CLANG_WARN_CONSTANT_CONVERSION = YES;
				CLANG_WARN_DEPRECATED_OBJC_IMPLEMENTATIONS = YES;
				CLANG_WARN_DIRECT_OBJC_ISA_USAGE = YES_ERROR;
				CLANG_WARN_DOCUMENTATION_COMMENTS = YES;
				CLANG_WARN_EMPTY_BODY = YES;
				CLANG_WARN_ENUM_CONVERSION = YES;
				CLANG_WARN_INFINITE_RECURSION = YES;
				CLANG_WARN_INT_CONVERSION = YES;
				CLANG_WARN_NON_LITERAL_NULL_CONVERSION = YES;
				CLANG_WARN_OBJC_IMPLICIT_RETAIN_SELF = YES;
				CLANG_WARN_OBJC_LITERAL_CONVERSION = YES;
				CLANG_WARN_OBJC_ROOT_CLASS = YES_ERROR;
				CLANG_WARN_QUOTED_INCLUDE_IN_FRAMEWORK_HEADER = YES;
				CLANG_WARN_RANGE_LOOP_ANALYSIS = YES;
				CLANG_WARN_STRICT_PROTOTYPES = YES;
				CLANG_WARN_SUSPICIOUS_MOVE = YES;
				CLANG_WARN_UNGUARDED_AVAILABILITY = YES_AGGRESSIVE;
				CLANG_WARN_UNREACHABLE_CODE = YES;
				CLANG_WARN__DUPLICATE_METHOD_MATCH = YES;
				COPY_PHASE_STRIP = NO;
				DEBUG_INFORMATION_FORMAT = dwarf;
				ENABLE_STRICT_OBJC_MSGSEND = YES;
				ENABLE_TESTABILITY = YES;
				GCC_C_LANGUAGE_STANDARD = gnu11;
				GCC_DYNAMIC_NO_PIC = NO;
				GCC_NO_COMMON_BLOCKS = YES;
				GCC_OPTIMIZATION_LEVEL = 0;
				GCC_PREPROCESSOR_DEFINITIONS = (
					"DEBUG=1",
					"$(inherited)",
				);
				GCC_WARN_64_TO_32_BIT_CONVERSION = YES;
				GCC_WARN_ABOUT_RETURN_TYPE = YES_ERROR;
				GCC_WARN_UNDECLARED_SELECTOR = YES;
				GCC_WARN_UNINITIALIZED_AUTOS = YES_AGGRESSIVE;
				GCC_WARN_UNUSED_FUNCTION = YES;
				GCC_WARN_UNUSED_VARIABLE = YES;
				IPHONEOS_DEPLOYMENT_TARGET = 14.0;
				MTL_ENABLE_DEBUG_INFO = INCLUDE_SOURCE;
				MTL_FAST_MATH = YES;
				ONLY_ACTIVE_ARCH = YES;
				SDKROOT = iphoneos;
				SWIFT_ACTIVE_COMPILATION_CONDITIONS = DEBUG;
				SWIFT_OPTIMIZATION_LEVEL = "-Onone";
			};
			name = Debug;
		};
		B597A99427AC778F00CC2D1C /* Release */ = {
			isa = XCBuildConfiguration;
			buildSettings = {
				ALWAYS_SEARCH_USER_PATHS = NO;
				CLANG_ANALYZER_NONNULL = YES;
				CLANG_ANALYZER_NUMBER_OBJECT_CONVERSION = YES_AGGRESSIVE;
				CLANG_CXX_LANGUAGE_STANDARD = "gnu++17";
				CLANG_CXX_LIBRARY = "libc++";
				CLANG_ENABLE_MODULES = YES;
				CLANG_ENABLE_OBJC_ARC = YES;
				CLANG_ENABLE_OBJC_WEAK = YES;
				CLANG_WARN_BLOCK_CAPTURE_AUTORELEASING = YES;
				CLANG_WARN_BOOL_CONVERSION = YES;
				CLANG_WARN_COMMA = YES;
				CLANG_WARN_CONSTANT_CONVERSION = YES;
				CLANG_WARN_DEPRECATED_OBJC_IMPLEMENTATIONS = YES;
				CLANG_WARN_DIRECT_OBJC_ISA_USAGE = YES_ERROR;
				CLANG_WARN_DOCUMENTATION_COMMENTS = YES;
				CLANG_WARN_EMPTY_BODY = YES;
				CLANG_WARN_ENUM_CONVERSION = YES;
				CLANG_WARN_INFINITE_RECURSION = YES;
				CLANG_WARN_INT_CONVERSION = YES;
				CLANG_WARN_NON_LITERAL_NULL_CONVERSION = YES;
				CLANG_WARN_OBJC_IMPLICIT_RETAIN_SELF = YES;
				CLANG_WARN_OBJC_LITERAL_CONVERSION = YES;
				CLANG_WARN_OBJC_ROOT_CLASS = YES_ERROR;
				CLANG_WARN_QUOTED_INCLUDE_IN_FRAMEWORK_HEADER = YES;
				CLANG_WARN_RANGE_LOOP_ANALYSIS = YES;
				CLANG_WARN_STRICT_PROTOTYPES = YES;
				CLANG_WARN_SUSPICIOUS_MOVE = YES;
				CLANG_WARN_UNGUARDED_AVAILABILITY = YES_AGGRESSIVE;
				CLANG_WARN_UNREACHABLE_CODE = YES;
				CLANG_WARN__DUPLICATE_METHOD_MATCH = YES;
				COPY_PHASE_STRIP = NO;
				DEBUG_INFORMATION_FORMAT = "dwarf-with-dsym";
				ENABLE_NS_ASSERTIONS = NO;
				ENABLE_STRICT_OBJC_MSGSEND = YES;
				GCC_C_LANGUAGE_STANDARD = gnu11;
				GCC_NO_COMMON_BLOCKS = YES;
				GCC_WARN_64_TO_32_BIT_CONVERSION = YES;
				GCC_WARN_ABOUT_RETURN_TYPE = YES_ERROR;
				GCC_WARN_UNDECLARED_SELECTOR = YES;
				GCC_WARN_UNINITIALIZED_AUTOS = YES_AGGRESSIVE;
				GCC_WARN_UNUSED_FUNCTION = YES;
				GCC_WARN_UNUSED_VARIABLE = YES;
				IPHONEOS_DEPLOYMENT_TARGET = 14.0;
				MTL_ENABLE_DEBUG_INFO = NO;
				MTL_FAST_MATH = YES;
				SDKROOT = iphoneos;
				SWIFT_COMPILATION_MODE = wholemodule;
				SWIFT_OPTIMIZATION_LEVEL = "-O";
				VALIDATE_PRODUCT = YES;
			};
			name = Release;
		};
		B597A99627AC778F00CC2D1C /* Debug */ = {
			isa = XCBuildConfiguration;
			buildSettings = {
				ASSETCATALOG_COMPILER_APPICON_NAME = AppIcon;
				ASSETCATALOG_COMPILER_GLOBAL_ACCENT_COLOR_NAME = AccentColor;
				CODE_SIGN_STYLE = Automatic;
				CURRENT_PROJECT_VERSION = 1;
				DEVELOPMENT_ASSET_PATHS = "\"Home Control/Preview Content\"";
				DEVELOPMENT_TEAM = 2DMTV2NW38;
				ENABLE_PREVIEWS = YES;
				GENERATE_INFOPLIST_FILE = YES;
				INFOPLIST_KEY_UIApplicationSceneManifest_Generation = YES;
				INFOPLIST_KEY_UIApplicationSupportsIndirectInputEvents = YES;
				INFOPLIST_KEY_UILaunchScreen_Generation = YES;
				INFOPLIST_KEY_UISupportedInterfaceOrientations_iPad = "UIInterfaceOrientationLandscapeRight UIInterfaceOrientationLandscapeLeft UIInterfaceOrientationPortrait UIInterfaceOrientationPortraitUpsideDown";
				INFOPLIST_KEY_UISupportedInterfaceOrientations_iPhone = "UIInterfaceOrientationPortrait UIInterfaceOrientationLandscapeLeft UIInterfaceOrientationLandscapeRight";
				IPHONEOS_DEPLOYMENT_TARGET = 14.0;
				LD_RUNPATH_SEARCH_PATHS = (
					"$(inherited)",
					"@executable_path/Frameworks",
				);
				MARKETING_VERSION = 1.0;
				PRODUCT_BUNDLE_IDENTIFIER = "tech.zuluteam.Home-Control";
				PRODUCT_NAME = "$(TARGET_NAME)";
				SWIFT_EMIT_LOC_STRINGS = YES;
				SWIFT_VERSION = 5.0;
				TARGETED_DEVICE_FAMILY = 2;
			};
			name = Debug;
		};
		B597A99727AC778F00CC2D1C /* Release */ = {
			isa = XCBuildConfiguration;
			buildSettings = {
				ASSETCATALOG_COMPILER_APPICON_NAME = AppIcon;
				ASSETCATALOG_COMPILER_GLOBAL_ACCENT_COLOR_NAME = AccentColor;
				CODE_SIGN_STYLE = Automatic;
				CURRENT_PROJECT_VERSION = 1;
				DEVELOPMENT_ASSET_PATHS = "\"Home Control/Preview Content\"";
				DEVELOPMENT_TEAM = 2DMTV2NW38;
				ENABLE_PREVIEWS = YES;
				GENERATE_INFOPLIST_FILE = YES;
				INFOPLIST_KEY_UIApplicationSceneManifest_Generation = YES;
				INFOPLIST_KEY_UIApplicationSupportsIndirectInputEvents = YES;
				INFOPLIST_KEY_UILaunchScreen_Generation = YES;
				INFOPLIST_KEY_UISupportedInterfaceOrientations_iPad = "UIInterfaceOrientationLandscapeRight UIInterfaceOrientationLandscapeLeft UIInterfaceOrientationPortrait UIInterfaceOrientationPortraitUpsideDown";
				INFOPLIST_KEY_UISupportedInterfaceOrientations_iPhone = "UIInterfaceOrientationPortrait UIInterfaceOrientationLandscapeLeft UIInterfaceOrientationLandscapeRight";
				IPHONEOS_DEPLOYMENT_TARGET = 14.0;
				LD_RUNPATH_SEARCH_PATHS = (
					"$(inherited)",
					"@executable_path/Frameworks",
				);
				MARKETING_VERSION = 1.0;
				PRODUCT_BUNDLE_IDENTIFIER = "tech.zuluteam.Home-Control";
				PRODUCT_NAME = "$(TARGET_NAME)";
				SWIFT_EMIT_LOC_STRINGS = YES;
				SWIFT_VERSION = 5.0;
				TARGETED_DEVICE_FAMILY = 2;
			};
			name = Release;
		};
		B597A99927AC778F00CC2D1C /* Debug */ = {
			isa = XCBuildConfiguration;
			buildSettings = {
				ALWAYS_EMBED_SWIFT_STANDARD_LIBRARIES = YES;
				BUNDLE_LOADER = "$(TEST_HOST)";
				CODE_SIGN_STYLE = Automatic;
				CURRENT_PROJECT_VERSION = 1;
				DEVELOPMENT_TEAM = 2DMTV2NW38;
				GENERATE_INFOPLIST_FILE = YES;
				IPHONEOS_DEPLOYMENT_TARGET = 15.2;
				MARKETING_VERSION = 1.0;
				PRODUCT_BUNDLE_IDENTIFIER = "tech.zuluteam.Home-ControlTests";
				PRODUCT_NAME = "$(TARGET_NAME)";
				SWIFT_EMIT_LOC_STRINGS = NO;
				SWIFT_VERSION = 5.0;
				TARGETED_DEVICE_FAMILY = "1,2";
				TEST_HOST = "$(BUILT_PRODUCTS_DIR)/Home Control.app/Home Control";
			};
			name = Debug;
		};
		B597A99A27AC778F00CC2D1C /* Release */ = {
			isa = XCBuildConfiguration;
			buildSettings = {
				ALWAYS_EMBED_SWIFT_STANDARD_LIBRARIES = YES;
				BUNDLE_LOADER = "$(TEST_HOST)";
				CODE_SIGN_STYLE = Automatic;
				CURRENT_PROJECT_VERSION = 1;
				DEVELOPMENT_TEAM = 2DMTV2NW38;
				GENERATE_INFOPLIST_FILE = YES;
				IPHONEOS_DEPLOYMENT_TARGET = 15.2;
				MARKETING_VERSION = 1.0;
				PRODUCT_BUNDLE_IDENTIFIER = "tech.zuluteam.Home-ControlTests";
				PRODUCT_NAME = "$(TARGET_NAME)";
				SWIFT_EMIT_LOC_STRINGS = NO;
				SWIFT_VERSION = 5.0;
				TARGETED_DEVICE_FAMILY = "1,2";
				TEST_HOST = "$(BUILT_PRODUCTS_DIR)/Home Control.app/Home Control";
			};
			name = Release;
		};
		B597A99C27AC778F00CC2D1C /* Debug */ = {
			isa = XCBuildConfiguration;
			buildSettings = {
				ALWAYS_EMBED_SWIFT_STANDARD_LIBRARIES = YES;
				CODE_SIGN_STYLE = Automatic;
				CURRENT_PROJECT_VERSION = 1;
				DEVELOPMENT_TEAM = 2DMTV2NW38;
				GENERATE_INFOPLIST_FILE = YES;
				MARKETING_VERSION = 1.0;
				PRODUCT_BUNDLE_IDENTIFIER = "tech.zuluteam.Home-ControlUITests";
				PRODUCT_NAME = "$(TARGET_NAME)";
				SWIFT_EMIT_LOC_STRINGS = NO;
				SWIFT_VERSION = 5.0;
				TARGETED_DEVICE_FAMILY = "1,2";
				TEST_TARGET_NAME = "Home Control";
			};
			name = Debug;
		};
		B597A99D27AC778F00CC2D1C /* Release */ = {
			isa = XCBuildConfiguration;
			buildSettings = {
				ALWAYS_EMBED_SWIFT_STANDARD_LIBRARIES = YES;
				CODE_SIGN_STYLE = Automatic;
				CURRENT_PROJECT_VERSION = 1;
				DEVELOPMENT_TEAM = 2DMTV2NW38;
				GENERATE_INFOPLIST_FILE = YES;
				MARKETING_VERSION = 1.0;
				PRODUCT_BUNDLE_IDENTIFIER = "tech.zuluteam.Home-ControlUITests";
				PRODUCT_NAME = "$(TARGET_NAME)";
				SWIFT_EMIT_LOC_STRINGS = NO;
				SWIFT_VERSION = 5.0;
				TARGETED_DEVICE_FAMILY = "1,2";
				TEST_TARGET_NAME = "Home Control";
			};
			name = Release;
		};
/* End XCBuildConfiguration section */

/* Begin XCConfigurationList section */
		B597A96C27AC778C00CC2D1C /* Build configuration list for PBXProject "Home Control" */ = {
			isa = XCConfigurationList;
			buildConfigurations = (
				B597A99327AC778F00CC2D1C /* Debug */,
				B597A99427AC778F00CC2D1C /* Release */,
			);
			defaultConfigurationIsVisible = 0;
			defaultConfigurationName = Release;
		};
		B597A99527AC778F00CC2D1C /* Build configuration list for PBXNativeTarget "Home Control" */ = {
			isa = XCConfigurationList;
			buildConfigurations = (
				B597A99627AC778F00CC2D1C /* Debug */,
				B597A99727AC778F00CC2D1C /* Release */,
			);
			defaultConfigurationIsVisible = 0;
			defaultConfigurationName = Release;
		};
		B597A99827AC778F00CC2D1C /* Build configuration list for PBXNativeTarget "Home ControlTests" */ = {
			isa = XCConfigurationList;
			buildConfigurations = (
				B597A99927AC778F00CC2D1C /* Debug */,
				B597A99A27AC778F00CC2D1C /* Release */,
			);
			defaultConfigurationIsVisible = 0;
			defaultConfigurationName = Release;
		};
		B597A99B27AC778F00CC2D1C /* Build configuration list for PBXNativeTarget "Home ControlUITests" */ = {
			isa = XCConfigurationList;
			buildConfigurations = (
				B597A99C27AC778F00CC2D1C /* Debug */,
				B597A99D27AC778F00CC2D1C /* Release */,
			);
			defaultConfigurationIsVisible = 0;
			defaultConfigurationName = Release;
		};
/* End XCConfigurationList section */
	};
	rootObject = B597A96927AC778C00CC2D1C /* Project object */;
}
